
Microsoft Visual Studio Solution File, Format Version 12.00
# Visual Studio Version 17
VisualStudioVersion = 17.8.34408.163
MinimumVisualStudioVersion = 10.0.40219.1
Project("{FAE04EC0-301F-11D3-BF4B-00C04F79EFBC}") = "Chapter3-demo2 OOP", "Chapter3-demo2 OOP\Chapter3-demo2 OOP.csproj", "{FA269098-0E1C-4084-96D9-6A94E8F42DC3}"
EndProject
Project("{FAE04EC0-301F-11D3-BF4B-00C04F79EFBC}") = "Chapter 7 - demo 5", "Chapter 7 - demo 5\Chapter 7 - demo 5.csproj", "{E0F19F4D-B5AB-4B1E-AAD8-995DD1259EC2}"
EndProject
Global
	GlobalSection(SolutionConfigurationPlatforms) = preSolution
		Debug|Any CPU = Debug|Any CPU
		Release|Any CPU = Release|Any CPU
	EndGlobalSection
	GlobalSection(ProjectConfigurationPlatforms) = postSolution
		{FA269098-0E1C-4084-96D9-6A94E8F42DC3}.Debug|Any CPU.ActiveCfg = Debug|Any CPU
		{FA269098-0E1C-4084-96D9-6A94E8F42DC3}.Debug|Any CPU.Build.0 = Debug|Any CPU
		{FA269098-0E1C-4084-96D9-6A94E8F42DC3}.Release|Any CPU.ActiveCfg = Release|Any CPU
		{FA269098-0E1C-4084-96D9-6A94E8F42DC3}.Release|Any CPU.Build.0 = Release|Any CPU
		{E0F19F4D-B5AB-4B1E-AAD8-995DD1259EC2}.Debug|Any CPU.ActiveCfg = Debug|Any CPU
		{E0F19F4D-B5AB-4B1E-AAD8-995DD1259EC2}.Debug|Any CPU.Build.0 = Debug|Any CPU
		{E0F19F4D-B5AB-4B1E-AAD8-995DD1259EC2}.Release|Any CPU.ActiveCfg = Release|Any CPU
		{E0F19F4D-B5AB-4B1E-AAD8-995DD1259EC2}.Release|Any CPU.Build.0 = Release|Any CPU
	EndGlobalSection
	GlobalSection(SolutionProperties) = preSolution
		HideSolutionNode = FALSE
	EndGlobalSection
	GlobalSection(ExtensibilityGlobals) = postSolution
		SolutionGuid = {1D28C44E-C307-48F2-9F3C-0F8AFC3D8B39}
	EndGlobalSection
EndGlobal
